Microsoft Visual Studio Solution File, Format Version 12.00
# Visual Studio Version 17
VisualStudioVersion = 17.14.36408.4 d17.14
MinimumVisualStudioVersion = 10.0.40219.1
Project("{FAE04EC0-301F-11D3-BF4B-00C04F79EFBC}") = "BlazorExtensions.AppHost", "BlazorExtensions.AppHost\BlazorExtensions.AppHost.csproj", "{6C5E0CA7-1237-4FA2-8C17-B06FDFB29EF6}"
EndProject
Project("{FAE04EC0-301F-11D3-BF4B-00C04F79EFBC}") = "BlazorExtensions.ServiceDefaults", "BlazorExtensions.ServiceDefaults\BlazorExtensions.ServiceDefaults.csproj", "{D9D20592-EA49-54B7-4353-2626BB71903E}"
EndProject
Project("{FAE04EC0-301F-11D3-BF4B-00C04F79EFBC}") = "BlazorExtensions.ApiService", "BlazorExtensions.ApiService\BlazorExtensions.ApiService.csproj", "{51A15CDC-E2E1-7E4C-FC57-201088986F01}"
EndProject
Project("{FAE04EC0-301F-11D3-BF4B-00C04F79EFBC}") = "BlazorExtensionsAspire", "BlazorExtensionsAspire\BlazorExtensionsAspire.csproj", "{F6CCD1DB-2460-414C-9E9F-6F6E023C63FC}"
EndProject
Project("{FAE04EC0-301F-11D3-BF4B-00C04F79EFBC}") = "BlazorWebAssProject", "BlazorWebAssProject\BlazorWebAssProject.csproj", "{6BC352A8-3F34-E87B-D344-695B2929752F}"
EndProject
Global
	GlobalSection(SolutionConfigurationPlatforms) = preSolution
		Debug|Any CPU = Debug|Any CPU
		Release|Any CPU = Release|Any CPU
	EndGlobalSection
	GlobalSection(ProjectConfigurationPlatforms) = postSolution
		{6C5E0CA7-1237-4FA2-8C17-B06FDFB29EF6}.Debug|Any CPU.ActiveCfg = Debug|Any CPU
		{6C5E0CA7-1237-4FA2-8C17-B06FDFB29EF6}.Debug|Any CPU.Build.0 = Debug|Any CPU
		{6C5E0CA7-1237-4FA2-8C17-B06FDFB29EF6}.Release|Any CPU.ActiveCfg = Release|Any CPU
		{6C5E0CA7-1237-4FA2-8C17-B06FDFB29EF6}.Release|Any CPU.Build.0 = Release|Any CPU
		{D9D20592-EA49-54B7-4353-2626BB71903E}.Debug|Any CPU.ActiveCfg = Debug|Any CPU
		{D9D20592-EA49-54B7-4353-2626BB71903E}.Debug|Any CPU.Build.0 = Debug|Any CPU
		{D9D20592-EA49-54B7-4353-2626BB71903E}.Release|Any CPU.ActiveCfg = Release|Any CPU
		{D9D20592-EA49-54B7-4353-2626BB71903E}.Release|Any CPU.Build.0 = Release|Any CPU
		{51A15CDC-E2E1-7E4C-FC57-201088986F01}.Debug|Any CPU.ActiveCfg = Debug|Any CPU
		{51A15CDC-E2E1-7E4C-FC57-201088986F01}.Debug|Any CPU.Build.0 = Debug|Any CPU
		{51A15CDC-E2E1-7E4C-FC57-201088986F01}.Release|Any CPU.ActiveCfg = Release|Any CPU
		{51A15CDC-E2E1-7E4C-FC57-201088986F01}.Release|Any CPU.Build.0 = Release|Any CPU
		{F6CCD1DB-2460-414C-9E9F-6F6E023C63FC}.Debug|Any CPU.ActiveCfg = Debug|Any CPU
		{F6CCD1DB-2460-414C-9E9F-6F6E023C63FC}.Debug|Any CPU.Build.0 = Debug|Any CPU
		{F6CCD1DB-2460-414C-9E9F-6F6E023C63FC}.Release|Any CPU.ActiveCfg = Release|Any CPU
		{F6CCD1DB-2460-414C-9E9F-6F6E023C63FC}.Release|Any CPU.Build.0 = Release|Any CPU
		{6BC352A8-3F34-E87B-D344-695B2929752F}.Debug|Any CPU.ActiveCfg = Debug|Any CPU
		{6BC352A8-3F34-E87B-D344-695B2929752F}.Debug|Any CPU.Build.0 = Debug|Any CPU
		{6BC352A8-3F34-E87B-D344-695B2929752F}.Release|Any CPU.ActiveCfg = Release|Any CPU
		{6BC352A8-3F34-E87B-D344-695B2929752F}.Release|Any CPU.Build.0 = Release|Any CPU
	EndGlobalSection
	GlobalSection(SolutionProperties) = preSolution
		HideSolutionNode = FALSE
	EndGlobalSection
	GlobalSection(ExtensibilityGlobals) = postSolution
		SolutionGuid = {C8E1A401-783B-4A31-A487-8197AEE691E0}
	EndGlobalSection
EndGlobal
